// !$*UTF8*$!
{
	archiveVersion = 1;
	classes = {
	};
	objectVersion = 46;
	objects = {

/* Begin PBXBuildFile section */
		043DEC9D1B62982A000B5D43 /* AppDelegate.swift in Sources */ = {isa = PBXBuildFile; fileRef = 043DEC9C1B62982A000B5D43 /* AppDelegate.swift */; };
		043DEC9F1B62982A000B5D43 /* ViewController.swift in Sources */ = {isa = PBXBuildFile; fileRef = 043DEC9E1B62982A000B5D43 /* ViewController.swift */; };
		043DECA21B62982A000B5D43 /* Main.storyboard in Resources */ = {isa = PBXBuildFile; fileRef = 043DECA01B62982A000B5D43 /* Main.storyboard */; };
		043DECB31B62982A000B5D43 /* Decide4MeTests.swift in Sources */ = {isa = PBXBuildFile; fileRef = 043DECB21B62982A000B5D43 /* Decide4MeTests.swift */; };
		043DECC51B62B0FE000B5D43 /* Divider.png in Resources */ = {isa = PBXBuildFile; fileRef = 043DECC01B62B0FE000B5D43 /* Divider.png */; };
		043DECCB1B62B272000B5D43 /* decidebutton.png in Resources */ = {isa = PBXBuildFile; fileRef = 043DECC81B62B272000B5D43 /* decidebutton.png */; };
		043DECCC1B62B272000B5D43 /* scaled-at-200 in Resources */ = {isa = PBXBuildFile; fileRef = 043DECC91B62B272000B5D43 /* scaled-at-200 */; };
		043DECCD1B62B272000B5D43 /* scaled-at-300 in Resources */ = {isa = PBXBuildFile; fileRef = 043DECCA1B62B272000B5D43 /* scaled-at-300 */; };
		043DECD11B62B859000B5D43 /* round-image.png in Resources */ = {isa = PBXBuildFile; fileRef = 043DECD01B62B859000B5D43 /* round-image.png */; };
		043DECD31B62B979000B5D43 /* Logo.png in Resources */ = {isa = PBXBuildFile; fileRef = 043DECD21B62B979000B5D43 /* Logo.png */; };
		043DECD71B64298A000B5D43 /* Media.xcassets in Resources */ = {isa = PBXBuildFile; fileRef = 043DECD61B64298A000B5D43 /* Media.xcassets */; };
		043DECD91B6433FC000B5D43 /* Podfile in Resources */ = {isa = PBXBuildFile; fileRef = 043DECD81B6433FC000B5D43 /* Podfile */; };
		8972913EF363B371F1BF8468 /* libPods.a in Frameworks */ = {isa = PBXBuildFile; fileRef = 23C16926839875746A5962FB /* libPods.a */; };
/* End PBXBuildFile section */

/* Begin PBXContainerItemProxy section */
		043DECAD1B62982A000B5D43 /* PBXContainerItemProxy */ = {
			isa = PBXContainerItemProxy;
			containerPortal = 043DEC8F1B62982A000B5D43 /* Project object */;
			proxyType = 1;
			remoteGlobalIDString = 043DEC961B62982A000B5D43;
			remoteInfo = Decide4Me;
		};
/* End PBXContainerItemProxy section */

/* Begin PBXFileReference section */
		043DEC971B62982A000B5D43 /* decide4me.temp_caseinsensitive_rename.temp_caseinsensitive_rename.app */ = {isa = PBXFileReference; explicitFileType = wrapper.application; includeInIndex = 0; path = decide4me.temp_caseinsensitive_rename.temp_caseinsensitive_rename.app; sourceTree = BUILT_PRODUCTS_DIR; };
		043DEC9B1B62982A000B5D43 /* Info.plist */ = {isa = PBXFileReference; lastKnownFileType = text.plist.xml; path = Info.plist; sourceTree = "<group>"; };
		043DEC9C1B62982A000B5D43 /* AppDelegate.swift */ = {isa = PBXFileReference; lastKnownFileType = sourcecode.swift; path = AppDelegate.swift; sourceTree = "<group>"; };
		043DEC9E1B62982A000B5D43 /* ViewController.swift */ = {isa = PBXFileReference; lastKnownFileType = sourcecode.swift; path = ViewController.swift; sourceTree = "<group>"; };
		043DECA11B62982A000B5D43 /* Base */ = {isa = PBXFileReference; lastKnownFileType = file.storyboard; name = Base; path = Base.lproj/Main.storyboard; sourceTree = "<group>"; };
		043DECAC1B62982A000B5D43 /* decide4me.temp_caseinsensitive_rename.temp_caseinsensitive_renameTests.xctest */ = {isa = PBXFileReference; explicitFileType = wrapper.cfbundle; includeInIndex = 0; path = decide4me.temp_caseinsensitive_rename.temp_caseinsensitive_renameTests.xctest; sourceTree = BUILT_PRODUCTS_DIR; };
		043DECB11B62982A000B5D43 /* Info.plist */ = {isa = PBXFileReference; lastKnownFileType = text.plist.xml; path = Info.plist; sourceTree = "<group>"; };
		043DECB21B62982A000B5D43 /* Decide4MeTests.swift */ = {isa = PBXFileReference; lastKnownFileType = sourcecode.swift; path = Decide4MeTests.swift; sourceTree = "<group>"; };
		043DECC01B62B0FE000B5D43 /* Divider.png */ = {isa = PBXFileReference; lastKnownFileType = image.png; path = Divider.png; sourceTree = "<group>"; };
		043DECC81B62B272000B5D43 /* decidebutton.png */ = {isa = PBXFileReference; lastKnownFileType = image.png; path = decidebutton.png; sourceTree = "<group>"; };
		043DECC91B62B272000B5D43 /* scaled-at-200 */ = {isa = PBXFileReference; lastKnownFileType = folder; path = "scaled-at-200"; sourceTree = "<group>"; };
		043DECCA1B62B272000B5D43 /* scaled-at-300 */ = {isa = PBXFileReference; lastKnownFileType = folder; path = "scaled-at-300"; sourceTree = "<group>"; };
		043DECD01B62B859000B5D43 /* round-image.png */ = {isa = PBXFileReference; lastKnownFileType = image.png; path = "round-image.png"; sourceTree = "<group>"; };
		043DECD21B62B979000B5D43 /* Logo.png */ = {isa = PBXFileReference; lastKnownFileType = image.png; path = Logo.png; sourceTree = "<group>"; };
		043DECD61B64298A000B5D43 /* Media.xcassets */ = {isa = PBXFileReference; lastKnownFileType = folder.assetcatalog; path = Media.xcassets; sourceTree = "<group>"; };
		043DECD81B6433FC000B5D43 /* Podfile */ = {isa = PBXFileReference; fileEncoding = 4; lastKnownFileType = text; path = Podfile; sourceTree = "<group>"; };
		23C16926839875746A5962FB /* libPods.a */ = {isa = PBXFileReference; explicitFileType = archive.ar; includeInIndex = 0; path = libPods.a; sourceTree = BUILT_PRODUCTS_DIR; };
		B1BEF19F3A790D1FA2B012B4 /* Pods.release.xcconfig */ = {isa = PBXFileReference; includeInIndex = 1; lastKnownFileType = text.xcconfig; name = Pods.release.xcconfig; path = "Pods/Target Support Files/Pods/Pods.release.xcconfig"; sourceTree = "<group>"; };
		FA9BDD85441F5B00B31D54DD /* Pods.debug.xcconfig */ = {isa = PBXFileReference; includeInIndex = 1; lastKnownFileType = text.xcconfig; name = Pods.debug.xcconfig; path = "Pods/Target Support Files/Pods/Pods.debug.xcconfig"; sourceTree = "<group>"; };
/* End PBXFileReference section */

/* Begin PBXFrameworksBuildPhase section */
		043DEC941B62982A000B5D43 /* Frameworks */ = {
			isa = PBXFrameworksBuildPhase;
			buildActionMask = 2147483647;
			files = (
				8972913EF363B371F1BF8468 /* libPods.a in Frameworks */,
			);
			runOnlyForDeploymentPostprocessing = 0;
		};
		043DECA91B62982A000B5D43 /* Frameworks */ = {
			isa = PBXFrameworksBuildPhase;
			buildActionMask = 2147483647;
			files = (
			);
			runOnlyForDeploymentPostprocessing = 0;
		};
/* End PBXFrameworksBuildPhase section */

/* Begin PBXGroup section */
		043DEC8E1B62982A000B5D43 = {
			isa = PBXGroup;
			children = (
				043DECD81B6433FC000B5D43 /* Podfile */,
				043DEC991B62982A000B5D43 /* Decide4Me */,
				043DECAF1B62982A000B5D43 /* Decide4MeTests */,
				043DEC981B62982A000B5D43 /* Products */,
				04602421B3EC98A541163168 /* Pods */,
				87A8618E8645012EF233A9C1 /* Frameworks */,
			);
			sourceTree = "<group>";
		};
		043DEC981B62982A000B5D43 /* Products */ = {
			isa = PBXGroup;
			children = (
				043DEC971B62982A000B5D43 /* decide4me.temp_caseinsensitive_rename.temp_caseinsensitive_rename.app */,
				043DECAC1B62982A000B5D43 /* decide4me.temp_caseinsensitive_rename.temp_caseinsensitive_renameTests.xctest */,
			);
			name = Products;
			sourceTree = "<group>";
		};
		043DEC991B62982A000B5D43 /* Decide4Me */ = {
			isa = PBXGroup;
			children = (
				043DEC9C1B62982A000B5D43 /* AppDelegate.swift */,
				043DEC9E1B62982A000B5D43 /* ViewController.swift */,
				043DECA01B62982A000B5D43 /* Main.storyboard */,
				043DECD61B64298A000B5D43 /* Media.xcassets */,
				043DEC9A1B62982A000B5D43 /* Supporting Files */,
			);
			path = Decide4Me;
			sourceTree = "<group>";
		};
		043DEC9A1B62982A000B5D43 /* Supporting Files */ = {
			isa = PBXGroup;
			children = (
				043DECBC1B629F85000B5D43 /* Images */,
				043DEC9B1B62982A000B5D43 /* Info.plist */,
			);
			name = "Supporting Files";
			sourceTree = "<group>";
		};
		043DECAF1B62982A000B5D43 /* Decide4MeTests */ = {
			isa = PBXGroup;
			children = (
				043DECB21B62982A000B5D43 /* Decide4MeTests.swift */,
				043DECB01B62982A000B5D43 /* Supporting Files */,
			);
			path = Decide4MeTests;
			sourceTree = "<group>";
		};
		043DECB01B62982A000B5D43 /* Supporting Files */ = {
			isa = PBXGroup;
			children = (
				043DECB11B62982A000B5D43 /* Info.plist */,
			);
			name = "Supporting Files";
			sourceTree = "<group>";
		};
		043DECBC1B629F85000B5D43 /* Images */ = {
			isa = PBXGroup;
			children = (
				043DECC81B62B272000B5D43 /* decidebutton.png */,
				043DECD01B62B859000B5D43 /* round-image.png */,
				043DECD21B62B979000B5D43 /* Logo.png */,
				043DECC01B62B0FE000B5D43 /* Divider.png */,
				043DECC91B62B272000B5D43 /* scaled-at-200 */,
				043DECCA1B62B272000B5D43 /* scaled-at-300 */,
			);
			name = Images;
			sourceTree = "<group>";
		};
		04602421B3EC98A541163168 /* Pods */ = {
			isa = PBXGroup;
			children = (
				FA9BDD85441F5B00B31D54DD /* Pods.debug.xcconfig */,
				B1BEF19F3A790D1FA2B012B4 /* Pods.release.xcconfig */,
			);
			name = Pods;
			sourceTree = "<group>";
		};
		87A8618E8645012EF233A9C1 /* Frameworks */ = {
			isa = PBXGroup;
			children = (
				23C16926839875746A5962FB /* libPods.a */,
			);
			name = Frameworks;
			sourceTree = "<group>";
		};
/* End PBXGroup section */

/* Begin PBXNativeTarget section */
		043DEC961B62982A000B5D43 /* decide4me */ = {
			isa = PBXNativeTarget;
			buildConfigurationList = 043DECB61B62982A000B5D43 /* Build configuration list for PBXNativeTarget "decide4me" */;
			buildPhases = (
				66FDA0085B848E42A1F86F97 /* Check Pods Manifest.lock */,
				043DEC931B62982A000B5D43 /* Sources */,
				043DEC941B62982A000B5D43 /* Frameworks */,
				043DEC951B62982A000B5D43 /* Resources */,
				406367CD4E5B75E8508F171B /* Copy Pods Resources */,
			);
			buildRules = (
			);
			dependencies = (
			);
			name = decide4me;
			productName = Decide4Me;
			productReference = 043DEC971B62982A000B5D43 /* decide4me.temp_caseinsensitive_rename.temp_caseinsensitive_rename.app */;
			productType = "com.apple.product-type.application";
		};
		043DECAB1B62982A000B5D43 /* decide4meTests */ = {
			isa = PBXNativeTarget;
			buildConfigurationList = 043DECB91B62982A000B5D43 /* Build configuration list for PBXNativeTarget "decide4meTests" */;
			buildPhases = (
				043DECA81B62982A000B5D43 /* Sources */,
				043DECA91B62982A000B5D43 /* Frameworks */,
				043DECAA1B62982A000B5D43 /* Resources */,
			);
			buildRules = (
			);
			dependencies = (
				043DECAE1B62982A000B5D43 /* PBXTargetDependency */,
			);
			name = decide4meTests;
			productName = Decide4MeTests;
			productReference = 043DECAC1B62982A000B5D43 /* decide4me.temp_caseinsensitive_rename.temp_caseinsensitive_renameTests.xctest */;
			productType = "com.apple.product-type.bundle.unit-test";
		};
/* End PBXNativeTarget section */

/* Begin PBXProject section */
		043DEC8F1B62982A000B5D43 /* Project object */ = {
			isa = PBXProject;
			attributes = {
				LastUpgradeCheck = 0640;
				ORGANIZATIONNAME = MEB;
				TargetAttributes = {
					043DEC961B62982A000B5D43 = {
						CreatedOnToolsVersion = 6.4;
						DevelopmentTeam = 3GBQ2H4QX7;
					};
					043DECAB1B62982A000B5D43 = {
						CreatedOnToolsVersion = 6.4;
						TestTargetID = 043DEC961B62982A000B5D43;
					};
				};
			};
			buildConfigurationList = 043DEC921B62982A000B5D43 /* Build configuration list for PBXProject "Decide4Me" */;
			compatibilityVersion = "Xcode 3.2";
			developmentRegion = English;
			hasScannedForEncodings = 0;
			knownRegions = (
				en,
				Base,
			);
			mainGroup = 043DEC8E1B62982A000B5D43;
			productRefGroup = 043DEC981B62982A000B5D43 /* Products */;
			projectDirPath = "";
			projectRoot = "";
			targets = (
				043DEC961B62982A000B5D43 /* decide4me */,
				043DECAB1B62982A000B5D43 /* decide4meTests */,
			);
		};
/* End PBXProject section */

/* Begin PBXResourcesBuildPhase section */
		043DEC951B62982A000B5D43 /* Resources */ = {
			isa = PBXResourcesBuildPhase;
			buildActionMask = 2147483647;
			files = (
				043DECA21B62982A000B5D43 /* Main.storyboard in Resources */,
				043DECC51B62B0FE000B5D43 /* Divider.png in Resources */,
				043DECD71B64298A000B5D43 /* Media.xcassets in Resources */,
				043DECCD1B62B272000B5D43 /* scaled-at-300 in Resources */,
				043DECD31B62B979000B5D43 /* Logo.png in Resources */,
				043DECD11B62B859000B5D43 /* round-image.png in Resources */,
				043DECD91B6433FC000B5D43 /* Podfile in Resources */,
				043DECCC1B62B272000B5D43 /* scaled-at-200 in Resources */,
				043DECCB1B62B272000B5D43 /* decidebutton.png in Resources */,
			);
			runOnlyForDeploymentPostprocessing = 0;
		};
		043DECAA1B62982A000B5D43 /* Resources */ = {
			isa = PBXResourcesBuildPhase;
			buildActionMask = 2147483647;
			files = (
			);
			runOnlyForDeploymentPostprocessing = 0;
		};
/* End PBXResourcesBuildPhase section */

/* Begin PBXShellScriptBuildPhase section */
		406367CD4E5B75E8508F171B /* Copy Pods Resources */ = {
			isa = PBXShellScriptBuildPhase;
			buildActionMask = 2147483647;
			files = (
			);
			inputPaths = (
			);
			name = "Copy Pods Resources";
			outputPaths = (
			);
			runOnlyForDeploymentPostprocessing = 0;
			shellPath = /bin/sh;
			shellScript = "\"${SRCROOT}/Pods/Target Support Files/Pods/Pods-resources.sh\"\n";
			showEnvVarsInLog = 0;
		};
		66FDA0085B848E42A1F86F97 /* Check Pods Manifest.lock */ = {
			isa = PBXShellScriptBuildPhase;
			buildActionMask = 2147483647;
			files = (
			);
			inputPaths = (
			);
			name = "Check Pods Manifest.lock";
			outputPaths = (
			);
			runOnlyForDeploymentPostprocessing = 0;
			shellPath = /bin/sh;
			shellScript = "diff \"${PODS_ROOT}/../Podfile.lock\" \"${PODS_ROOT}/Manifest.lock\" > /dev/null\nif [[ $? != 0 ]] ; then\n    cat << EOM\nerror: The sandbox is not in sync with the Podfile.lock. Run 'pod install' or update your CocoaPods installation.\nEOM\n    exit 1\nfi\n";
			showEnvVarsInLog = 0;
		};
/* End PBXShellScriptBuildPhase section */

/* Begin PBXSourcesBuildPhase section */
		043DEC931B62982A000B5D43 /* Sources */ = {
			isa = PBXSourcesBuildPhase;
			buildActionMask = 2147483647;
			files = (
				043DEC9F1B62982A000B5D43 /* ViewController.swift in Sources */,
				043DEC9D1B62982A000B5D43 /* AppDelegate.swift in Sources */,
			);
			runOnlyForDeploymentPostprocessing = 0;
		};
		043DECA81B62982A000B5D43 /* Sources */ = {
			isa = PBXSourcesBuildPhase;
			buildActionMask = 2147483647;
			files = (
				043DECB31B62982A000B5D43 /* Decide4MeTests.swift in Sources */,
			);
			runOnlyForDeploymentPostprocessing = 0;
		};
/* End PBXSourcesBuildPhase section */

/* Begin PBXTargetDependency section */
		043DECAE1B62982A000B5D43 /* PBXTargetDependency */ = {
			isa = PBXTargetDependency;
			target = 043DEC961B62982A000B5D43 /* decide4me */;
			targetProxy = 043DECAD1B62982A000B5D43 /* PBXContainerItemProxy */;
		};
/* End PBXTargetDependency section */

/* Begin PBXVariantGroup section */
		043DECA01B62982A000B5D43 /* Main.storyboard */ = {
			isa = PBXVariantGroup;
			children = (
				043DECA11B62982A000B5D43 /* Base */,
			);
			name = Main.storyboard;
			sourceTree = "<group>";
		};
/* End PBXVariantGroup section */

/* Begin XCBuildConfiguration section */
		043DECB41B62982A000B5D43 /* Debug */ = {
			isa = XCBuildConfiguration;
			buildSettings = {
				ALWAYS_SEARCH_USER_PATHS = NO;
				CLANG_CXX_LANGUAGE_STANDARD = "gnu++0x";
				CLANG_CXX_LIBRARY = "libc++";
				CLANG_ENABLE_MODULES = YES;
				CLANG_ENABLE_OBJC_ARC = YES;
				CLANG_WARN_BOOL_CONVERSION = YES;
				CLANG_WARN_CONSTANT_CONVERSION = YES;
				CLANG_WARN_DIRECT_OBJC_ISA_USAGE = YES_ERROR;
				CLANG_WARN_EMPTY_BODY = YES;
				CLANG_WARN_ENUM_CONVERSION = YES;
				CLANG_WARN_INT_CONVERSION = YES;
				CLANG_WARN_OBJC_ROOT_CLASS = YES_ERROR;
				CLANG_WARN_UNREACHABLE_CODE = YES;
				CLANG_WARN__DUPLICATE_METHOD_MATCH = YES;
				"CODE_SIGN_IDENTITY[sdk=iphoneos*]" = "iPhone Developer";
				COPY_PHASE_STRIP = NO;
				DEBUG_INFORMATION_FORMAT = "dwarf-with-dsym";
				ENABLE_STRICT_OBJC_MSGSEND = YES;
				GCC_C_LANGUAGE_STANDARD = gnu99;
				GCC_DYNAMIC_NO_PIC = NO;
				GCC_NO_COMMON_BLOCKS = YES;
				GCC_OPTIMIZATION_LEVEL = 0;
				GCC_PREPROCESSOR_DEFINITIONS = (
					"DEBUG=1",
					"$(inherited)",
				);
				GCC_SYMBOLS_PRIVATE_EXTERN = NO;
				GCC_WARN_64_TO_32_BIT_CONVERSION = YES;
				GCC_WARN_ABOUT_RETURN_TYPE = YES_ERROR;
				GCC_WARN_UNDECLARED_SELECTOR = YES;
				GCC_WARN_UNINITIALIZED_AUTOS = YES_AGGRESSIVE;
				GCC_WARN_UNUSED_FUNCTION = YES;
				GCC_WARN_UNUSED_VARIABLE = YES;
				IPHONEOS_DEPLOYMENT_TARGET = 8.4;
				MTL_ENABLE_DEBUG_INFO = YES;
				ONLY_ACTIVE_ARCH = YES;
				SDKROOT = iphoneos;
				SWIFT_OPTIMIZATION_LEVEL = "-Onone";
				TARGETED_DEVICE_FAMILY = "1,2";
			};
			name = Debug;
		};
		043DECB51B62982A000B5D43 /* Release */ = {
			isa = XCBuildConfiguration;
			buildSettings = {
				ALWAYS_SEARCH_USER_PATHS = NO;
				CLANG_CXX_LANGUAGE_STANDARD = "gnu++0x";
				CLANG_CXX_LIBRARY = "libc++";
				CLANG_ENABLE_MODULES = YES;
				CLANG_ENABLE_OBJC_ARC = YES;
				CLANG_WARN_BOOL_CONVERSION = YES;
				CLANG_WARN_CONSTANT_CONVERSION = YES;
				CLANG_WARN_DIRECT_OBJC_ISA_USAGE = YES_ERROR;
				CLANG_WARN_EMPTY_BODY = YES;
				CLANG_WARN_ENUM_CONVERSION = YES;
				CLANG_WARN_INT_CONVERSION = YES;
				CLANG_WARN_OBJC_ROOT_CLASS = YES_ERROR;
				CLANG_WARN_UNREACHABLE_CODE = YES;
				CLANG_WARN__DUPLICATE_METHOD_MATCH = YES;
				"CODE_SIGN_IDENTITY[sdk=iphoneos*]" = "iPhone Developer";
				COPY_PHASE_STRIP = NO;
				DEBUG_INFORMATION_FORMAT = "dwarf-with-dsym";
				ENABLE_NS_ASSERTIONS = NO;
				ENABLE_STRICT_OBJC_MSGSEND = YES;
				GCC_C_LANGUAGE_STANDARD = gnu99;
				GCC_NO_COMMON_BLOCKS = YES;
				GCC_WARN_64_TO_32_BIT_CONVERSION = YES;
				GCC_WARN_ABOUT_RETURN_TYPE = YES_ERROR;
				GCC_WARN_UNDECLARED_SELECTOR = YES;
				GCC_WARN_UNINITIALIZED_AUTOS = YES_AGGRESSIVE;
				GCC_WARN_UNUSED_FUNCTION = YES;
				GCC_WARN_UNUSED_VARIABLE = YES;
				IPHONEOS_DEPLOYMENT_TARGET = 8.4;
				MTL_ENABLE_DEBUG_INFO = NO;
				SDKROOT = iphoneos;
				TARGETED_DEVICE_FAMILY = "1,2";
				VALIDATE_PRODUCT = YES;
			};
			name = Release;
		};
		043DECB71B62982A000B5D43 /* Debug */ = {
			isa = XCBuildConfiguration;
			baseConfigurationReference = FA9BDD85441F5B00B31D54DD /* Pods.debug.xcconfig */;
			buildSettings = {
				ASSETCATALOG_COMPILER_APPICON_NAME = AppIcon;
				ASSETCATALOG_COMPILER_LAUNCHIMAGE_NAME = LaunchImage;
				CODE_SIGN_IDENTITY = "iPhone Distribution: Mark Barrasso (3GBQ2H4QX7)";
				"CODE_SIGN_IDENTITY[sdk=iphoneos*]" = "iPhone Developer";
				INFOPLIST_FILE = Decide4Me/Info.plist;
				LD_RUNPATH_SEARCH_PATHS = "$(inherited) @executable_path/Frameworks";
				PRODUCT_NAME = decide4me.temp_caseinsensitive_rename.temp_caseinsensitive_rename;
				PROVISIONING_PROFILE = "";
			};
			name = Debug;
		};
		043DECB81B62982A000B5D43 /* Release */ = {
			isa = XCBuildConfiguration;
			baseConfigurationReference = B1BEF19F3A790D1FA2B012B4 /* Pods.release.xcconfig */;
			buildSettings = {
				ASSETCATALOG_COMPILER_APPICON_NAME = AppIcon;
				ASSETCATALOG_COMPILER_LAUNCHIMAGE_NAME = LaunchImage;
				CODE_SIGN_IDENTITY = "iPhone Distribution: Mark Barrasso (3GBQ2H4QX7)";
				"CODE_SIGN_IDENTITY[sdk=iphoneos*]" = "iPhone Developer";
				INFOPLIST_FILE = Decide4Me/Info.plist;
				LD_RUNPATH_SEARCH_PATHS = "$(inherited) @executable_path/Frameworks";
				PRODUCT_NAME = decide4me.temp_caseinsensitive_rename.temp_caseinsensitive_rename;
				PROVISIONING_PROFILE = "";
			};
			name = Release;
		};
		043DECBA1B62982A000B5D43 /* Debug */ = {
			isa = XCBuildConfiguration;
			buildSettings = {
				BUNDLE_LOADER = "$(TEST_HOST)";
				FRAMEWORK_SEARCH_PATHS = (
					"$(SDKROOT)/Developer/Library/Frameworks",
					"$(inherited)",
				);
				GCC_PREPROCESSOR_DEFINITIONS = (
					"DEBUG=1",
					"$(inherited)",
				);
				INFOPLIST_FILE = Decide4MeTests/Info.plist;
				LD_RUNPATH_SEARCH_PATHS = "$(inherited) @executable_path/Frameworks @loader_path/Frameworks";
				PRODUCT_NAME = decide4me.temp_caseinsensitive_rename.temp_caseinsensitive_renameTests;
				TEST_HOST = "$(BUILT_PRODUCTS_DIR)/Decide4Me.app/Decide4Me";
			};
			name = Debug;
		};
		043DECBB1B62982A000B5D43 /* Release */ = {
			isa = XCBuildConfiguration;
			buildSettings = {
				BUNDLE_LOADER = "$(TEST_HOST)";
				FRAMEWORK_SEARCH_PATHS = (
					"$(SDKROOT)/Developer/Library/Frameworks",
					"$(inherited)",
				);
				INFOPLIST_FILE = Decide4MeTests/Info.plist;
				LD_RUNPATH_SEARCH_PATHS = "$(inherited) @executable_path/Frameworks @loader_path/Frameworks";
				PRODUCT_NAME = decide4me.temp_caseinsensitive_rename.temp_caseinsensitive_renameTests;
				TEST_HOST = "$(BUILT_PRODUCTS_DIR)/Decide4Me.app/Decide4Me";
			};
			name = Release;
		};
/* End XCBuildConfiguration section */

/* Begin XCConfigurationList section */
		043DEC921B62982A000B5D43 /* Build configuration list for PBXProject "Decide4Me" */ = {
			isa = XCConfigurationList;
			buildConfigurations = (
				043DECB41B62982A000B5D43 /* Debug */,
				043DECB51B62982A000B5D43 /* Release */,
			);
			defaultConfigurationIsVisible = 0;
			defaultConfigurationName = Release;
		};
		043DECB61B62982A000B5D43 /* Build configuration list for PBXNativeTarget "decide4me" */ = {
			isa = XCConfigurationList;
			buildConfigurations = (
				043DECB71B62982A000B5D43 /* Debug */,
				043DECB81B62982A000B5D43 /* Release */,
			);
			defaultConfigurationIsVisible = 0;
			defaultConfigurationName = Release;
		};
		043DECB91B62982A000B5D43 /* Build configuration list for PBXNativeTarget "decide4meTests" */ = {
			isa = XCConfigurationList;
			buildConfigurations = (
				043DECBA1B62982A000B5D43 /* Debug */,
				043DECBB1B62982A000B5D43 /* Release */,
			);
			defaultConfigurationIsVisible = 0;
			defaultConfigurationName = Release;
		};
/* End XCConfigurationList section */
	};
	rootObject = 043DEC8F1B62982A000B5D43 /* Project object */;
}
